#MicroXplorer Configuration settings - do not modify
#Sat Aug 12 17:42:07 GMT+08:00 2017
File.Version=5
KeepUserPlacement=false
Mcu.Family=STM32F4
Mcu.IP0=CRC
Mcu.IP1=NVIC
Mcu.IP2=RCC
Mcu.IP3=RNG
Mcu.IP4=UART4
Mcu.IP5=USART2
Mcu.IP6=USART3
Mcu.IP7=USB_DEVICE
Mcu.IP8=USB_OTG_FS
Mcu.IPNb=9
Mcu.Name=STM32F407V(E-G)Tx
Mcu.Package=LQFP100
Mcu.Pin0=PH0-OSC_IN
Mcu.Pin1=PH1-OSC_OUT
Mcu.Pin10=PD14
Mcu.Pin11=PD15
Mcu.Pin12=PA11
Mcu.Pin13=PA12
Mcu.Pin14=PC10
Mcu.Pin15=PD0
Mcu.Pin16=PD2
Mcu.Pin17=PD4
Mcu.Pin18=PD6
Mcu.Pin19=PB3
Mcu.Pin2=PA0-WKUP
Mcu.Pin20=VP_CRC_VS_CRC
Mcu.Pin21=VP_RNG_VS_RNG
Mcu.Pin22=VP_USB_DEVICE_VS_USB_DEVICE_CUSTOM_HID_FS
Mcu.Pin3=PA1
Mcu.Pin4=PA2
Mcu.Pin5=PA3
Mcu.Pin6=PB10
Mcu.Pin7=PB11
Mcu.Pin8=PD12
Mcu.Pin9=PD13
Mcu.PinsNb=23
Mcu.UserName=STM32F407VGTx
MxCube.Version=4.7.0
MxDb.Version=DB.4.0.70
NVIC.OTG_FS_IRQn=true\:0\:0\:false
NVIC.PriorityGroup=NVIC_PRIORITYGROUP_4
NVIC.SysTick_IRQn=true\:0\:0\:false
NVIC.USART2_IRQn=true\:0\:0\:false
PA0-WKUP.Locked=true
PA0-WKUP.Signal=GPIO_Input
PA1.Mode=Asynchronous
PA1.Signal=UART4_RX
PA11.Mode=Device_Only
PA11.Signal=USB_OTG_FS_DM
PA12.Mode=Device_Only
PA12.Signal=USB_OTG_FS_DP
PA2.Mode=Asynchronous
PA2.Signal=USART2_TX
PA3.Mode=Asynchronous
PA3.Signal=USART2_RX
PB10.Mode=Asynchronous
PB10.Signal=USART3_TX
PB11.Mode=Asynchronous
PB11.Signal=USART3_RX
PB3.Locked=true
PB3.Signal=GPIO_Output
PC10.Mode=Asynchronous
PC10.Signal=UART4_TX
PCC.Checker=false
PCC.Family=STM32F4
PCC.MCU=STM32F407V(E-G)Tx
PCC.MXVersion=4.7.0
PCC.PartNumber=STM32F407VGTx
PCC.Seq0=0
PCC.SubFamily=STM32F407/417
PCC.Temperature=25
PCC.Vdd=3.3
PD0.Locked=true
PD0.Signal=GPIO_Output
PD12.Locked=true
PD12.Signal=GPIO_Output
PD13.Locked=true
PD13.Signal=GPIO_Output
PD14.Locked=true
PD14.Signal=GPIO_Output
PD15.Locked=true
PD15.Signal=GPIO_Output
PD2.Locked=true
PD2.Signal=GPIO_Output
PD4.Locked=true
PD4.Signal=GPIO_Output
PD6.Locked=true
PD6.Signal=GPIO_Output
PH0-OSC_IN.Mode=HSE-External-Oscillator
PH0-OSC_IN.Signal=RCC_OSC_IN
PH1-OSC_OUT.Mode=HSE-External-Oscillator
PH1-OSC_OUT.Signal=RCC_OSC_OUT
ProjectManager.AskForMigrate=true
ProjectManager.BackupPrevious=false
ProjectManager.CompilerOptimize=2
ProjectManager.ComputerToolchain=false
ProjectManager.CoupleFile=false
ProjectManager.DeletePrevious=false
ProjectManager.DeviceId=STM32F407VGTx
ProjectManager.FirmwarePackage=STM32Cube FW_F4 V1.5.0
ProjectManager.FreePins=false
ProjectManager.HalAssertFull=false
ProjectManager.KeepUserCode=true
ProjectManager.LastFirmware=true
ProjectManager.LibraryCopy=1
ProjectManager.ProjectBuild=false
ProjectManager.ProjectFileName=neo.ioc
ProjectManager.ProjectName=neo
ProjectManager.TargetToolchain=MDK-ARM V4
ProjectManager.ToolChainLocation=
RCC.48MHZClocksFreq_Value=48000000
RCC.AHBFreq_Value=168000000
RCC.APB1CLKDivider=RCC_HCLK_DIV4
RCC.APB1Freq_Value=42000000
RCC.APB1TimFreq_Value=84000000
RCC.APB2CLKDivider=RCC_HCLK_DIV2
RCC.APB2Freq_Value=84000000
RCC.APB2TimFreq_Value=168000000
RCC.CortexFreq_Value=21000000
RCC.EthernetFreq_Value=168000000
RCC.FCLKCortexFreq_Value=168000000
RCC.FamilyName=M
RCC.HCLKFreq_Value=168000000
RCC.HSE_VALUE=8000000
RCC.HSI_VALUE=16000000
RCC.I2SClocksFreq_Value=153600000
RCC.IPParameters=HCLKFreq_Value,SYSCLKFreq_VALUE,I2SClocksFreq_Value,PLLCLKFreq_Value,FamilyName,APB2CLKDivider,RTCHSEDivFreq_Value,LSE_VALUE,RTCFreq_Value,SYSCLKSource,MCO2PinFreq_Value,CortexFreq_Value,APB1CLKDivider,FCLKCortexFreq_Value,APB2Freq_Value,VCOI2SOutputFreq_Value,PLLN,APB2TimFreq_Value,HSE_VALUE,PLLM,HSI_VALUE,PLLQ,PLLSource,VcooutputI2S,APB1TimFreq_Value,APB1Freq_Value,48MHZClocksFreq_Value,AHBFreq_Value,LSI_VALUE,VCOInputFreq_Value,EthernetFreq_Value,VCOOutputFreq_Value
RCC.LSE_VALUE=32768
RCC.LSI_VALUE=32000
RCC.MCO2PinFreq_Value=168000000
RCC.PLLCLKFreq_Value=168000000
RCC.PLLM=5
RCC.PLLN=210
RCC.PLLQ=7
RCC.PLLSource=RCC_PLLSOURCE_HSE
RCC.RTCFreq_Value=32000
RCC.RTCHSEDivFreq_Value=4000000
RCC.SYSCLKFreq_VALUE=168000000
RCC.SYSCLKSource=RCC_SYSCLKSOURCE_PLLCLK
RCC.VCOI2SOutputFreq_Value=307200000
RCC.VCOInputFreq_Value=1600000
RCC.VCOOutputFreq_Value=336000000
RCC.VcooutputI2S=153600000
USB_DEVICE.CLASS_NAME-CUSTOM_HID_FS=CUSTOMHID
USB_DEVICE.IPParameters=USBD_CUSTOM_HID_REPORT_DESC_SIZE-CUSTOM_HID_FS,USBD_HandleTypeDef-CUSTOM_HID_FS,VirtualMode-CUSTOM_HID_FS,VirtualModeFS,PID_FS,CLASS_NAME-CUSTOM_HID_FS,USBD_CUSTOMHID_OUTREPORT_BUF_SIZE-CUSTOM_HID_FS
USB_DEVICE.PID_FS=0x572b
USB_DEVICE.USBD_CUSTOMHID_OUTREPORT_BUF_SIZE-CUSTOM_HID_FS=64
USB_DEVICE.USBD_CUSTOM_HID_REPORT_DESC_SIZE-CUSTOM_HID_FS=33
USB_DEVICE.USBD_HandleTypeDef-CUSTOM_HID_FS=hUsbDeviceFS
USB_DEVICE.VirtualMode-CUSTOM_HID_FS=Custom_Hid
USB_DEVICE.VirtualModeFS=Custom_Hid_FS
USB_OTG_FS.IPParameters=VirtualMode,ep0_mps
USB_OTG_FS.VirtualMode=Device_Only
USB_OTG_FS.ep0_mps=DEP0CTL_MPS_64
VP_CRC_VS_CRC.Mode=CRC_Activate
VP_CRC_VS_CRC.Signal=CRC_VS_CRC
VP_RNG_VS_RNG.Mode=RNG_Activate
VP_RNG_VS_RNG.Signal=RNG_VS_RNG
VP_USB_DEVICE_VS_USB_DEVICE_CUSTOM_HID_FS.Mode=CUSTOM_HID_FS
VP_USB_DEVICE_VS_USB_DEVICE_CUSTOM_HID_FS.Signal=USB_DEVICE_VS_USB_DEVICE_CUSTOM_HID_FS
