
Microsoft Visual Studio Solution File, Format Version 12.00
# Visual Studio 15
VisualStudioVersion = 15.0.27130.2010
MinimumVisualStudioVersion = 10.0.40219.1
Project("{FAE04EC0-301F-11D3-BF4B-00C04F79EFBC}") = "driver_win", "driver_win\driver_win.csproj", "{37CC1DB9-870C-4C8D-8E70-59F17DC846AD}"
EndProject
Project("{FAE04EC0-301F-11D3-BF4B-00C04F79EFBC}") = "HidSharp", "HidSharp\HidSharp.csproj", "{0DB86674-2A7B-4BDC-93C1-3F7DC771426C}"
EndProject
Project("{2150E333-8FDC-42A3-9474-1A3956D46DE8}") = "libs", "libs", "{789E0AEC-4E7E-413E-8915-A2B524252B50}"
EndProject
Project("{FAE04EC0-301F-11D3-BF4B-00C04F79EFBC}") = "NeoThinSDK", "NeoThinSDK\NeoThinSDK.csproj", "{7F0974F3-C948-447F-A170-3133CDE4A1A7}"
EndProject
Project("{9A19103F-16F7-4668-BE54-9A1E7A4F7556}") = "thinSDK_neo", "thinSDK_neo\thinSDK_neo.csproj", "{137AF2BC-6060-4270-91A4-A2F45DB09771}"
EndProject
Project("{9A19103F-16F7-4668-BE54-9A1E7A4F7556}") = "thinSDK", "thinSDK\thinSDK.csproj", "{012D6440-0AE7-41EA-8756-3CF639DFCD76}"
EndProject
Project("{9A19103F-16F7-4668-BE54-9A1E7A4F7556}") = "llvm", "llvm\llvm.csproj", "{31BE3BB8-D1BC-42E8-A9A7-744D39FFEBE0}"
EndProject
Global
	GlobalSection(SolutionConfigurationPlatforms) = preSolution
		Debug|Any CPU = Debug|Any CPU
		Release|Any CPU = Release|Any CPU
	EndGlobalSection
	GlobalSection(ProjectConfigurationPlatforms) = postSolution
		{37CC1DB9-870C-4C8D-8E70-59F17DC846AD}.Debug|Any CPU.ActiveCfg = Debug|Any CPU
		{37CC1DB9-870C-4C8D-8E70-59F17DC846AD}.Debug|Any CPU.Build.0 = Debug|Any CPU
		{37CC1DB9-870C-4C8D-8E70-59F17DC846AD}.Release|Any CPU.ActiveCfg = Release|Any CPU
		{37CC1DB9-870C-4C8D-8E70-59F17DC846AD}.Release|Any CPU.Build.0 = Release|Any CPU
		{0DB86674-2A7B-4BDC-93C1-3F7DC771426C}.Debug|Any CPU.ActiveCfg = Debug|Any CPU
		{0DB86674-2A7B-4BDC-93C1-3F7DC771426C}.Debug|Any CPU.Build.0 = Debug|Any CPU
		{0DB86674-2A7B-4BDC-93C1-3F7DC771426C}.Release|Any CPU.ActiveCfg = Release|Any CPU
		{0DB86674-2A7B-4BDC-93C1-3F7DC771426C}.Release|Any CPU.Build.0 = Release|Any CPU
		{7F0974F3-C948-447F-A170-3133CDE4A1A7}.Debug|Any CPU.ActiveCfg = Debug|Any CPU
		{7F0974F3-C948-447F-A170-3133CDE4A1A7}.Debug|Any CPU.Build.0 = Debug|Any CPU
		{7F0974F3-C948-447F-A170-3133CDE4A1A7}.Release|Any CPU.ActiveCfg = Release|Any CPU
		{7F0974F3-C948-447F-A170-3133CDE4A1A7}.Release|Any CPU.Build.0 = Release|Any CPU
		{137AF2BC-6060-4270-91A4-A2F45DB09771}.Debug|Any CPU.ActiveCfg = Debug|Any CPU
		{137AF2BC-6060-4270-91A4-A2F45DB09771}.Debug|Any CPU.Build.0 = Debug|Any CPU
		{137AF2BC-6060-4270-91A4-A2F45DB09771}.Release|Any CPU.ActiveCfg = Release|Any CPU
		{137AF2BC-6060-4270-91A4-A2F45DB09771}.Release|Any CPU.Build.0 = Release|Any CPU
		{012D6440-0AE7-41EA-8756-3CF639DFCD76}.Debug|Any CPU.ActiveCfg = Debug|Any CPU
		{012D6440-0AE7-41EA-8756-3CF639DFCD76}.Debug|Any CPU.Build.0 = Debug|Any CPU
		{012D6440-0AE7-41EA-8756-3CF639DFCD76}.Release|Any CPU.ActiveCfg = Release|Any CPU
		{012D6440-0AE7-41EA-8756-3CF639DFCD76}.Release|Any CPU.Build.0 = Release|Any CPU
		{31BE3BB8-D1BC-42E8-A9A7-744D39FFEBE0}.Debug|Any CPU.ActiveCfg = Debug|Any CPU
		{31BE3BB8-D1BC-42E8-A9A7-744D39FFEBE0}.Debug|Any CPU.Build.0 = Debug|Any CPU
		{31BE3BB8-D1BC-42E8-A9A7-744D39FFEBE0}.Release|Any CPU.ActiveCfg = Release|Any CPU
		{31BE3BB8-D1BC-42E8-A9A7-744D39FFEBE0}.Release|Any CPU.Build.0 = Release|Any CPU
	EndGlobalSection
	GlobalSection(SolutionProperties) = preSolution
		HideSolutionNode = FALSE
	EndGlobalSection
	GlobalSection(NestedProjects) = preSolution
		{0DB86674-2A7B-4BDC-93C1-3F7DC771426C} = {789E0AEC-4E7E-413E-8915-A2B524252B50}
		{7F0974F3-C948-447F-A170-3133CDE4A1A7} = {789E0AEC-4E7E-413E-8915-A2B524252B50}
		{137AF2BC-6060-4270-91A4-A2F45DB09771} = {789E0AEC-4E7E-413E-8915-A2B524252B50}
		{012D6440-0AE7-41EA-8756-3CF639DFCD76} = {789E0AEC-4E7E-413E-8915-A2B524252B50}
		{31BE3BB8-D1BC-42E8-A9A7-744D39FFEBE0} = {789E0AEC-4E7E-413E-8915-A2B524252B50}
	EndGlobalSection
	GlobalSection(ExtensibilityGlobals) = postSolution
		SolutionGuid = {1200770E-59F1-4917-98E5-2F60B186C15C}
	EndGlobalSection
EndGlobal
